
Microsoft Visual Studio Solution File, Format Version 12.00
# Visual Studio 15
VisualStudioVersion = 15.0.27428.2015
MinimumVisualStudioVersion = 10.0.40219.1
Project("{FAE04EC0-301F-11D3-BF4B-00C04F79EFBC}") = "Bookish", "Bookish\Bookish.csproj", "{A55D6E06-0FFD-48C2-B6A4-F3A764111FEB}"
EndProject
Global
	GlobalSection(SolutionConfigurationPlatforms) = preSolution
		Debug|Any CPU = Debug|Any CPU
		Release|Any CPU = Release|Any CPU
	EndGlobalSection
	GlobalSection(ProjectConfigurationPlatforms) = postSolution
		{A55D6E06-0FFD-48C2-B6A4-F3A764111FEB}.Debug|Any CPU.ActiveCfg = Debug|Any CPU
		{A55D6E06-0FFD-48C2-B6A4-F3A764111FEB}.Debug|Any CPU.Build.0 = Debug|Any CPU
		{A55D6E06-0FFD-48C2-B6A4-F3A764111FEB}.Release|Any CPU.ActiveCfg = Release|Any CPU
		{A55D6E06-0FFD-48C2-B6A4-F3A764111FEB}.Release|Any CPU.Build.0 = Release|Any CPU
	EndGlobalSection
	GlobalSection(SolutionProperties) = preSolution
		HideSolutionNode = FALSE
	EndGlobalSection
	GlobalSection(ExtensibilityGlobals) = postSolution
		SolutionGuid = {089C615A-C99D-499D-B2F1-9E34109094EC}
	EndGlobalSection
EndGlobal
